// !$*UTF8*$!
{
	archiveVersion = 1;
	classes = {
	};
	objectVersion = 46;
	objects = {

/* Begin PBXBuildFile section */
		2282AD7A2144748A00E20C3E /* AppDelegate.swift in Sources */ = {isa = PBXBuildFile; fileRef = 2282AD792144748A00E20C3E /* AppDelegate.swift */; };
		2282AD7C2144748A00E20C3E /* ViewController.swift in Sources */ = {isa = PBXBuildFile; fileRef = 2282AD7B2144748A00E20C3E /* ViewController.swift */; };
		2282AD7F2144748A00E20C3E /* Main.storyboard in Resources */ = {isa = PBXBuildFile; fileRef = 2282AD7D2144748A00E20C3E /* Main.storyboard */; };
		2282AD812144748C00E20C3E /* Assets.xcassets in Resources */ = {isa = PBXBuildFile; fileRef = 2282AD802144748C00E20C3E /* Assets.xcassets */; };
		2282ADBA21449DCD00E20C3E /* Fonts.swift in Sources */ = {isa = PBXBuildFile; fileRef = 829D74F8202A5D8C00DE3217 /* Fonts.swift */; };
		2282ADC22144A30500E20C3E /* Interface.storyboard in Resources */ = {isa = PBXBuildFile; fileRef = 2282ADC02144A30500E20C3E /* Interface.storyboard */; };
		2282ADC42144A30600E20C3E /* Assets.xcassets in Resources */ = {isa = PBXBuildFile; fileRef = 2282ADC32144A30600E20C3E /* Assets.xcassets */; };
		2282ADCB2144A30600E20C3E /* watchOS Example Extension.appex in Embed App Extensions */ = {isa = PBXBuildFile; fileRef = 2282ADCA2144A30600E20C3E /* watchOS Example Extension.appex */; settings = {ATTRIBUTES = (RemoveHeadersOnCopy, ); }; };
		2282ADD02144A30600E20C3E /* InterfaceController.swift in Sources */ = {isa = PBXBuildFile; fileRef = 2282ADCF2144A30600E20C3E /* InterfaceController.swift */; };
		2282ADD22144A30600E20C3E /* ExtensionDelegate.swift in Sources */ = {isa = PBXBuildFile; fileRef = 2282ADD12144A30600E20C3E /* ExtensionDelegate.swift */; };
		2282ADD42144A30600E20C3E /* Assets.xcassets in Resources */ = {isa = PBXBuildFile; fileRef = 2282ADD32144A30600E20C3E /* Assets.xcassets */; };
		2282ADD82144A30600E20C3E /* watchOS Example.app in Embed Watch Content */ = {isa = PBXBuildFile; fileRef = 2282ADBE2144A30500E20C3E /* watchOS Example.app */; };
		2282ADE12144A58B00E20C3E /* Fonts.swift in Sources */ = {isa = PBXBuildFile; fileRef = 829D74F8202A5D8C00DE3217 /* Fonts.swift */; };
		22CA249623822FF000AA8743 /* Swash.framework in Frameworks */ = {isa = PBXBuildFile; fileRef = 224BAC85224FF9E500316608 /* Swash.framework */; };
		22CA249723822FF000AA8743 /* Swash.framework in Embed Frameworks */ = {isa = PBXBuildFile; fileRef = 224BAC85224FF9E500316608 /* Swash.framework */; settings = {ATTRIBUTES = (CodeSignOnCopy, RemoveHeadersOnCopy, ); }; };
		22CA249E2382300D00AA8743 /* Swash.framework in Frameworks */ = {isa = PBXBuildFile; fileRef = 224BAC89224FF9E500316608 /* Swash.framework */; };
		22CA249F2382300D00AA8743 /* Swash.framework in Embed Frameworks */ = {isa = PBXBuildFile; fileRef = 224BAC89224FF9E500316608 /* Swash.framework */; settings = {ATTRIBUTES = (CodeSignOnCopy, RemoveHeadersOnCopy, ); }; };
		22CA24A12382304800AA8743 /* Swash.framework in Frameworks */ = {isa = PBXBuildFile; fileRef = 224BAC8D224FF9E500316608 /* Swash.framework */; };
		22CA24A22382304800AA8743 /* Swash.framework in Embed Frameworks */ = {isa = PBXBuildFile; fileRef = 224BAC8D224FF9E500316608 /* Swash.framework */; settings = {ATTRIBUTES = (CodeSignOnCopy, RemoveHeadersOnCopy, ); }; };
		607FACD61AFB9204008FA782 /* AppDelegate.swift in Sources */ = {isa = PBXBuildFile; fileRef = 607FACD51AFB9204008FA782 /* AppDelegate.swift */; };
		607FACD81AFB9204008FA782 /* ViewController.swift in Sources */ = {isa = PBXBuildFile; fileRef = 607FACD71AFB9204008FA782 /* ViewController.swift */; };
		607FACDB1AFB9204008FA782 /* Main.storyboard in Resources */ = {isa = PBXBuildFile; fileRef = 607FACD91AFB9204008FA782 /* Main.storyboard */; };
		607FACDD1AFB9204008FA782 /* Images.xcassets in Resources */ = {isa = PBXBuildFile; fileRef = 607FACDC1AFB9204008FA782 /* Images.xcassets */; };
		607FACE01AFB9204008FA782 /* LaunchScreen.xib in Resources */ = {isa = PBXBuildFile; fileRef = 607FACDE1AFB9204008FA782 /* LaunchScreen.xib */; };
		829D74F9202A5D8C00DE3217 /* Fonts.swift in Sources */ = {isa = PBXBuildFile; fileRef = 829D74F8202A5D8C00DE3217 /* Fonts.swift */; };
/* End PBXBuildFile section */

/* Begin PBXContainerItemProxy section */
		224BAC84224FF9E500316608 /* PBXContainerItemProxy */ = {
			isa = PBXContainerItemProxy;
			containerPortal = 224BAC7C224FF9E500316608 /* Swash.xcodeproj */;
			proxyType = 2;
			remoteGlobalIDString = 224BAC03224F41F100316608;
			remoteInfo = "Swash iOS";
		};
		224BAC86224FF9E500316608 /* PBXContainerItemProxy */ = {
			isa = PBXContainerItemProxy;
			containerPortal = 224BAC7C224FF9E500316608 /* Swash.xcodeproj */;
			proxyType = 2;
			remoteGlobalIDString = 224BAC0C224F41F200316608;
			remoteInfo = "Swash iOS Tests";
		};
		224BAC88224FF9E500316608 /* PBXContainerItemProxy */ = {
			isa = PBXContainerItemProxy;
			containerPortal = 224BAC7C224FF9E500316608 /* Swash.xcodeproj */;
			proxyType = 2;
			remoteGlobalIDString = 224BAC42224FF35300316608;
			remoteInfo = "Swash tvOS";
		};
		224BAC8A224FF9E500316608 /* PBXContainerItemProxy */ = {
			isa = PBXContainerItemProxy;
			containerPortal = 224BAC7C224FF9E500316608 /* Swash.xcodeproj */;
			proxyType = 2;
			remoteGlobalIDString = 224BAC4A224FF35400316608;
			remoteInfo = "Swash tvOS Tests";
		};
		224BAC8C224FF9E500316608 /* PBXContainerItemProxy */ = {
			isa = PBXContainerItemProxy;
			containerPortal = 224BAC7C224FF9E500316608 /* Swash.xcodeproj */;
			proxyType = 2;
			remoteGlobalIDString = 224BAC67224FF62200316608;
			remoteInfo = "Swash watchOS";
		};
		2282ADCC2144A30600E20C3E /* PBXContainerItemProxy */ = {
			isa = PBXContainerItemProxy;
			containerPortal = 607FACC81AFB9204008FA782 /* Project object */;
			proxyType = 1;
			remoteGlobalIDString = 2282ADC92144A30600E20C3E;
			remoteInfo = "Swash_watchOS_Example Extension";
		};
		2282ADD62144A30600E20C3E /* PBXContainerItemProxy */ = {
			isa = PBXContainerItemProxy;
			containerPortal = 607FACC81AFB9204008FA782 /* Project object */;
			proxyType = 1;
			remoteGlobalIDString = 2282ADBD2144A30500E20C3E;
			remoteInfo = Swash_watchOS_Example;
		};
/* End PBXContainerItemProxy section */

/* Begin PBXCopyFilesBuildPhase section */
		2282ADDC2144A30600E20C3E /* Embed App Extensions */ = {
			isa = PBXCopyFilesBuildPhase;
			buildActionMask = 2147483647;
			dstPath = "";
			dstSubfolderSpec = 13;
			files = (
				2282ADCB2144A30600E20C3E /* watchOS Example Extension.appex in Embed App Extensions */,
			);
			name = "Embed App Extensions";
			runOnlyForDeploymentPostprocessing = 0;
		};
		2282ADE02144A30600E20C3E /* Embed Watch Content */ = {
			isa = PBXCopyFilesBuildPhase;
			buildActionMask = 2147483647;
			dstPath = "$(CONTENTS_FOLDER_PATH)/Watch";
			dstSubfolderSpec = 16;
			files = (
				2282ADD82144A30600E20C3E /* watchOS Example.app in Embed Watch Content */,
			);
			name = "Embed Watch Content";
			runOnlyForDeploymentPostprocessing = 0;
		};
		22CA249823822FF000AA8743 /* Embed Frameworks */ = {
			isa = PBXCopyFilesBuildPhase;
			buildActionMask = 2147483647;
			dstPath = "";
			dstSubfolderSpec = 10;
			files = (
				22CA249723822FF000AA8743 /* Swash.framework in Embed Frameworks */,
			);
			name = "Embed Frameworks";
			runOnlyForDeploymentPostprocessing = 0;
		};
		22CA24A02382300D00AA8743 /* Embed Frameworks */ = {
			isa = PBXCopyFilesBuildPhase;
			buildActionMask = 2147483647;
			dstPath = "";
			dstSubfolderSpec = 10;
			files = (
				22CA249F2382300D00AA8743 /* Swash.framework in Embed Frameworks */,
			);
			name = "Embed Frameworks";
			runOnlyForDeploymentPostprocessing = 0;
		};
		22CA24A32382304800AA8743 /* Embed Frameworks */ = {
			isa = PBXCopyFilesBuildPhase;
			buildActionMask = 2147483647;
			dstPath = "";
			dstSubfolderSpec = 10;
			files = (
				22CA24A22382304800AA8743 /* Swash.framework in Embed Frameworks */,
			);
			name = "Embed Frameworks";
			runOnlyForDeploymentPostprocessing = 0;
		};
/* End PBXCopyFilesBuildPhase section */

/* Begin PBXFileReference section */
		224BAC7C224FF9E500316608 /* Swash.xcodeproj */ = {isa = PBXFileReference; lastKnownFileType = "wrapper.pb-project"; name = Swash.xcodeproj; path = ../Swash.xcodeproj; sourceTree = "<group>"; };
		2282AD772144748A00E20C3E /* tvOS Example.app */ = {isa = PBXFileReference; explicitFileType = wrapper.application; includeInIndex = 0; path = "tvOS Example.app"; sourceTree = BUILT_PRODUCTS_DIR; };
		2282AD792144748A00E20C3E /* AppDelegate.swift */ = {isa = PBXFileReference; lastKnownFileType = sourcecode.swift; path = AppDelegate.swift; sourceTree = "<group>"; };
		2282AD7B2144748A00E20C3E /* ViewController.swift */ = {isa = PBXFileReference; lastKnownFileType = sourcecode.swift; path = ViewController.swift; sourceTree = "<group>"; };
		2282AD7E2144748A00E20C3E /* Base */ = {isa = PBXFileReference; lastKnownFileType = file.storyboard; name = Base; path = Base.lproj/Main.storyboard; sourceTree = "<group>"; };
		2282AD802144748C00E20C3E /* Assets.xcassets */ = {isa = PBXFileReference; lastKnownFileType = folder.assetcatalog; path = Assets.xcassets; sourceTree = "<group>"; };
		2282AD822144748C00E20C3E /* Info.plist */ = {isa = PBXFileReference; lastKnownFileType = text.plist.xml; path = Info.plist; sourceTree = "<group>"; };
		2282ADBE2144A30500E20C3E /* watchOS Example.app */ = {isa = PBXFileReference; explicitFileType = wrapper.application; includeInIndex = 0; path = "watchOS Example.app"; sourceTree = BUILT_PRODUCTS_DIR; };
		2282ADC12144A30500E20C3E /* Base */ = {isa = PBXFileReference; lastKnownFileType = file.storyboard; name = Base; path = Base.lproj/Interface.storyboard; sourceTree = "<group>"; };
		2282ADC32144A30600E20C3E /* Assets.xcassets */ = {isa = PBXFileReference; lastKnownFileType = folder.assetcatalog; path = Assets.xcassets; sourceTree = "<group>"; };
		2282ADC52144A30600E20C3E /* Info.plist */ = {isa = PBXFileReference; lastKnownFileType = text.plist.xml; path = Info.plist; sourceTree = "<group>"; };
		2282ADCA2144A30600E20C3E /* watchOS Example Extension.appex */ = {isa = PBXFileReference; explicitFileType = "wrapper.app-extension"; includeInIndex = 0; path = "watchOS Example Extension.appex"; sourceTree = BUILT_PRODUCTS_DIR; };
		2282ADCF2144A30600E20C3E /* InterfaceController.swift */ = {isa = PBXFileReference; lastKnownFileType = sourcecode.swift; path = InterfaceController.swift; sourceTree = "<group>"; };
		2282ADD12144A30600E20C3E /* ExtensionDelegate.swift */ = {isa = PBXFileReference; lastKnownFileType = sourcecode.swift; path = ExtensionDelegate.swift; sourceTree = "<group>"; };
		2282ADD32144A30600E20C3E /* Assets.xcassets */ = {isa = PBXFileReference; lastKnownFileType = folder.assetcatalog; path = Assets.xcassets; sourceTree = "<group>"; };
		2282ADD52144A30600E20C3E /* Info.plist */ = {isa = PBXFileReference; lastKnownFileType = text.plist.xml; path = Info.plist; sourceTree = "<group>"; };
		607FACD01AFB9204008FA782 /* iOS Example.app */ = {isa = PBXFileReference; explicitFileType = wrapper.application; includeInIndex = 0; path = "iOS Example.app"; sourceTree = BUILT_PRODUCTS_DIR; };
		607FACD41AFB9204008FA782 /* Info.plist */ = {isa = PBXFileReference; lastKnownFileType = text.plist.xml; path = Info.plist; sourceTree = "<group>"; };
		607FACD51AFB9204008FA782 /* AppDelegate.swift */ = {isa = PBXFileReference; lastKnownFileType = sourcecode.swift; path = AppDelegate.swift; sourceTree = "<group>"; };
		607FACD71AFB9204008FA782 /* ViewController.swift */ = {isa = PBXFileReference; lastKnownFileType = sourcecode.swift; path = ViewController.swift; sourceTree = "<group>"; };
		607FACDA1AFB9204008FA782 /* Base */ = {isa = PBXFileReference; lastKnownFileType = file.storyboard; name = Base; path = Base.lproj/Main.storyboard; sourceTree = "<group>"; };
		607FACDC1AFB9204008FA782 /* Images.xcassets */ = {isa = PBXFileReference; lastKnownFileType = folder.assetcatalog; path = Images.xcassets; sourceTree = "<group>"; };
		607FACDF1AFB9204008FA782 /* Base */ = {isa = PBXFileReference; lastKnownFileType = file.xib; name = Base; path = Base.lproj/LaunchScreen.xib; sourceTree = "<group>"; };
		829D74F8202A5D8C00DE3217 /* Fonts.swift */ = {isa = PBXFileReference; lastKnownFileType = sourcecode.swift; path = Fonts.swift; sourceTree = "<group>"; };
/* End PBXFileReference section */

/* Begin PBXFrameworksBuildPhase section */
		2282AD742144748A00E20C3E /* Frameworks */ = {
			isa = PBXFrameworksBuildPhase;
			buildActionMask = 2147483647;
			files = (
				22CA249E2382300D00AA8743 /* Swash.framework in Frameworks */,
			);
			runOnlyForDeploymentPostprocessing = 0;
		};
		2282ADC72144A30600E20C3E /* Frameworks */ = {
			isa = PBXFrameworksBuildPhase;
			buildActionMask = 2147483647;
			files = (
				22CA24A12382304800AA8743 /* Swash.framework in Frameworks */,
			);
			runOnlyForDeploymentPostprocessing = 0;
		};
		44BE91A10EB606F038B5C3E9 /* Frameworks */ = {
			isa = PBXFrameworksBuildPhase;
			buildActionMask = 2147483647;
			files = (
			);
			runOnlyForDeploymentPostprocessing = 0;
		};
		607FACCD1AFB9204008FA782 /* Frameworks */ = {
			isa = PBXFrameworksBuildPhase;
			buildActionMask = 2147483647;
			files = (
				22CA249623822FF000AA8743 /* Swash.framework in Frameworks */,
			);
			runOnlyForDeploymentPostprocessing = 0;
		};
/* End PBXFrameworksBuildPhase section */

/* Begin PBXGroup section */
		224BAC7D224FF9E500316608 /* Products */ = {
			isa = PBXGroup;
			children = (
				224BAC85224FF9E500316608 /* Swash.framework */,
				224BAC87224FF9E500316608 /* Swash iOS Tests.xctest */,
				224BAC89224FF9E500316608 /* Swash.framework */,
				224BAC8B224FF9E500316608 /* Swash tvOS Tests.xctest */,
				224BAC8D224FF9E500316608 /* Swash.framework */,
			);
			name = Products;
			sourceTree = "<group>";
		};
		224BAC94224FFB4300316608 /* Frameworks */ = {
			isa = PBXGroup;
			children = (
			);
			name = Frameworks;
			sourceTree = "<group>";
		};
		2282AD782144748A00E20C3E /* tvOS */ = {
			isa = PBXGroup;
			children = (
				2282AD792144748A00E20C3E /* AppDelegate.swift */,
				2282AD7B2144748A00E20C3E /* ViewController.swift */,
				2282AD7D2144748A00E20C3E /* Main.storyboard */,
				2282AD802144748C00E20C3E /* Assets.xcassets */,
				2282AD822144748C00E20C3E /* Info.plist */,
			);
			path = tvOS;
			sourceTree = "<group>";
		};
		2282ADBF2144A30500E20C3E /* watchOS */ = {
			isa = PBXGroup;
			children = (
				2282ADC02144A30500E20C3E /* Interface.storyboard */,
				2282ADC32144A30600E20C3E /* Assets.xcassets */,
				2282ADC52144A30600E20C3E /* Info.plist */,
			);
			path = watchOS;
			sourceTree = "<group>";
		};
		2282ADCE2144A30600E20C3E /* watchOS Extension */ = {
			isa = PBXGroup;
			children = (
				2282ADCF2144A30600E20C3E /* InterfaceController.swift */,
				2282ADD12144A30600E20C3E /* ExtensionDelegate.swift */,
				2282ADD32144A30600E20C3E /* Assets.xcassets */,
				2282ADD52144A30600E20C3E /* Info.plist */,
			);
			path = "watchOS Extension";
			sourceTree = "<group>";
		};
		22C82DBA21535E87009598C2 /* Shared */ = {
			isa = PBXGroup;
			children = (
				829D74F8202A5D8C00DE3217 /* Fonts.swift */,
			);
			path = Shared;
			sourceTree = "<group>";
		};
		607FACC71AFB9204008FA782 = {
			isa = PBXGroup;
			children = (
				22C82DBA21535E87009598C2 /* Shared */,
				607FACD21AFB9204008FA782 /* iOS */,
				2282AD782144748A00E20C3E /* tvOS */,
				2282ADBF2144A30500E20C3E /* watchOS */,
				2282ADCE2144A30600E20C3E /* watchOS Extension */,
				607FACD11AFB9204008FA782 /* Products */,
				224BAC7C224FF9E500316608 /* Swash.xcodeproj */,
				224BAC94224FFB4300316608 /* Frameworks */,
			);
			sourceTree = "<group>";
		};
		607FACD11AFB9204008FA782 /* Products */ = {
			isa = PBXGroup;
			children = (
				607FACD01AFB9204008FA782 /* iOS Example.app */,
				2282AD772144748A00E20C3E /* tvOS Example.app */,
				2282ADBE2144A30500E20C3E /* watchOS Example.app */,
				2282ADCA2144A30600E20C3E /* watchOS Example Extension.appex */,
			);
			name = Products;
			sourceTree = "<group>";
		};
		607FACD21AFB9204008FA782 /* iOS */ = {
			isa = PBXGroup;
			children = (
				607FACD51AFB9204008FA782 /* AppDelegate.swift */,
				607FACD71AFB9204008FA782 /* ViewController.swift */,
				607FACD91AFB9204008FA782 /* Main.storyboard */,
				607FACDC1AFB9204008FA782 /* Images.xcassets */,
				607FACDE1AFB9204008FA782 /* LaunchScreen.xib */,
				607FACD41AFB9204008FA782 /* Info.plist */,
			);
			path = iOS;
			sourceTree = "<group>";
		};
/* End PBXGroup section */

/* Begin PBXNativeTarget section */
		2282AD762144748A00E20C3E /* tvOS Example */ = {
			isa = PBXNativeTarget;
			buildConfigurationList = 2282AD922144748C00E20C3E /* Build configuration list for PBXNativeTarget "tvOS Example" */;
			buildPhases = (
				2282AD732144748A00E20C3E /* Sources */,
				2282AD742144748A00E20C3E /* Frameworks */,
				2282AD752144748A00E20C3E /* Resources */,
				22CA24A02382300D00AA8743 /* Embed Frameworks */,
			);
			buildRules = (
			);
			dependencies = (
			);
			name = "tvOS Example";
			productName = Swash_tvOS_Example;
			productReference = 2282AD772144748A00E20C3E /* tvOS Example.app */;
			productType = "com.apple.product-type.application";
		};
		2282ADBD2144A30500E20C3E /* watchOS Example */ = {
			isa = PBXNativeTarget;
			buildConfigurationList = 2282ADDD2144A30600E20C3E /* Build configuration list for PBXNativeTarget "watchOS Example" */;
			buildPhases = (
				2282ADBC2144A30500E20C3E /* Resources */,
				2282ADDC2144A30600E20C3E /* Embed App Extensions */,
				44BE91A10EB606F038B5C3E9 /* Frameworks */,
			);
			buildRules = (
			);
			dependencies = (
				2282ADCD2144A30600E20C3E /* PBXTargetDependency */,
			);
			name = "watchOS Example";
			productName = Swash_watchOS_Example;
			productReference = 2282ADBE2144A30500E20C3E /* watchOS Example.app */;
			productType = "com.apple.product-type.application.watchapp2";
		};
		2282ADC92144A30600E20C3E /* watchOS Example Extension */ = {
			isa = PBXNativeTarget;
			buildConfigurationList = 2282ADD92144A30600E20C3E /* Build configuration list for PBXNativeTarget "watchOS Example Extension" */;
			buildPhases = (
				2282ADC62144A30600E20C3E /* Sources */,
				2282ADC72144A30600E20C3E /* Frameworks */,
				2282ADC82144A30600E20C3E /* Resources */,
				22CA24A32382304800AA8743 /* Embed Frameworks */,
			);
			buildRules = (
			);
			dependencies = (
			);
			name = "watchOS Example Extension";
			productName = "Swash_watchOS_Example Extension";
			productReference = 2282ADCA2144A30600E20C3E /* watchOS Example Extension.appex */;
			productType = "com.apple.product-type.watchkit2-extension";
		};
		607FACCF1AFB9204008FA782 /* iOS Example */ = {
			isa = PBXNativeTarget;
			buildConfigurationList = 607FACEF1AFB9204008FA782 /* Build configuration list for PBXNativeTarget "iOS Example" */;
			buildPhases = (
				607FACCC1AFB9204008FA782 /* Sources */,
				607FACCD1AFB9204008FA782 /* Frameworks */,
				607FACCE1AFB9204008FA782 /* Resources */,
				2282ADE02144A30600E20C3E /* Embed Watch Content */,
				22CA249823822FF000AA8743 /* Embed Frameworks */,
			);
			buildRules = (
			);
			dependencies = (
				2282ADD72144A30600E20C3E /* PBXTargetDependency */,
			);
			name = "iOS Example";
			productName = Swash;
			productReference = 607FACD01AFB9204008FA782 /* iOS Example.app */;
			productType = "com.apple.product-type.application";
		};
/* End PBXNativeTarget section */

/* Begin PBXProject section */
		607FACC81AFB9204008FA782 /* Project object */ = {
			isa = PBXProject;
			attributes = {
				LastSwiftUpdateCheck = 1000;
				LastUpgradeCheck = 1020;
				ORGANIZATIONNAME = CocoaPods;
				TargetAttributes = {
					2282AD762144748A00E20C3E = {
						CreatedOnToolsVersion = 10.0;
						ProvisioningStyle = Automatic;
					};
					2282ADBD2144A30500E20C3E = {
						CreatedOnToolsVersion = 10.0;
						ProvisioningStyle = Automatic;
					};
					2282ADC92144A30600E20C3E = {
						CreatedOnToolsVersion = 10.0;
						ProvisioningStyle = Automatic;
					};
					607FACCF1AFB9204008FA782 = {
						CreatedOnToolsVersion = 6.3.1;
						LastSwiftMigration = 0900;
					};
				};
			};
			buildConfigurationList = 607FACCB1AFB9204008FA782 /* Build configuration list for PBXProject "Swash Examples" */;
			compatibilityVersion = "Xcode 3.2";
			developmentRegion = en;
			hasScannedForEncodings = 0;
			knownRegions = (
				en,
				Base,
			);
			mainGroup = 607FACC71AFB9204008FA782;
			productRefGroup = 607FACD11AFB9204008FA782 /* Products */;
			projectDirPath = "";
			projectReferences = (
				{
					ProductGroup = 224BAC7D224FF9E500316608 /* Products */;
					ProjectRef = 224BAC7C224FF9E500316608 /* Swash.xcodeproj */;
				},
			);
			projectRoot = "";
			targets = (
				607FACCF1AFB9204008FA782 /* iOS Example */,
				2282AD762144748A00E20C3E /* tvOS Example */,
				2282ADBD2144A30500E20C3E /* watchOS Example */,
				2282ADC92144A30600E20C3E /* watchOS Example Extension */,
			);
		};
/* End PBXProject section */

/* Begin PBXReferenceProxy section */
		224BAC85224FF9E500316608 /* Swash.framework */ = {
			isa = PBXReferenceProxy;
			fileType = wrapper.framework;
			path = Swash.framework;
			remoteRef = 224BAC84224FF9E500316608 /* PBXContainerItemProxy */;
			sourceTree = BUILT_PRODUCTS_DIR;
		};
		224BAC87224FF9E500316608 /* Swash iOS Tests.xctest */ = {
			isa = PBXReferenceProxy;
			fileType = wrapper.cfbundle;
			path = "Swash iOS Tests.xctest";
			remoteRef = 224BAC86224FF9E500316608 /* PBXContainerItemProxy */;
			sourceTree = BUILT_PRODUCTS_DIR;
		};
		224BAC89224FF9E500316608 /* Swash.framework */ = {
			isa = PBXReferenceProxy;
			fileType = wrapper.framework;
			path = Swash.framework;
			remoteRef = 224BAC88224FF9E500316608 /* PBXContainerItemProxy */;
			sourceTree = BUILT_PRODUCTS_DIR;
		};
		224BAC8B224FF9E500316608 /* Swash tvOS Tests.xctest */ = {
			isa = PBXReferenceProxy;
			fileType = wrapper.cfbundle;
			path = "Swash tvOS Tests.xctest";
			remoteRef = 224BAC8A224FF9E500316608 /* PBXContainerItemProxy */;
			sourceTree = BUILT_PRODUCTS_DIR;
		};
		224BAC8D224FF9E500316608 /* Swash.framework */ = {
			isa = PBXReferenceProxy;
			fileType = wrapper.framework;
			path = Swash.framework;
			remoteRef = 224BAC8C224FF9E500316608 /* PBXContainerItemProxy */;
			sourceTree = BUILT_PRODUCTS_DIR;
		};
/* End PBXReferenceProxy section */

/* Begin PBXResourcesBuildPhase section */
		2282AD752144748A00E20C3E /* Resources */ = {
			isa = PBXResourcesBuildPhase;
			buildActionMask = 2147483647;
			files = (
				2282AD812144748C00E20C3E /* Assets.xcassets in Resources */,
				2282AD7F2144748A00E20C3E /* Main.storyboard in Resources */,
			);
			runOnlyForDeploymentPostprocessing = 0;
		};
		2282ADBC2144A30500E20C3E /* Resources */ = {
			isa = PBXResourcesBuildPhase;
			buildActionMask = 2147483647;
			files = (
				2282ADC42144A30600E20C3E /* Assets.xcassets in Resources */,
				2282ADC22144A30500E20C3E /* Interface.storyboard in Resources */,
			);
			runOnlyForDeploymentPostprocessing = 0;
		};
		2282ADC82144A30600E20C3E /* Resources */ = {
			isa = PBXResourcesBuildPhase;
			buildActionMask = 2147483647;
			files = (
				2282ADD42144A30600E20C3E /* Assets.xcassets in Resources */,
			);
			runOnlyForDeploymentPostprocessing = 0;
		};
		607FACCE1AFB9204008FA782 /* Resources */ = {
			isa = PBXResourcesBuildPhase;
			buildActionMask = 2147483647;
			files = (
				607FACDB1AFB9204008FA782 /* Main.storyboard in Resources */,
				607FACE01AFB9204008FA782 /* LaunchScreen.xib in Resources */,
				607FACDD1AFB9204008FA782 /* Images.xcassets in Resources */,
			);
			runOnlyForDeploymentPostprocessing = 0;
		};
/* End PBXResourcesBuildPhase section */

/* Begin PBXSourcesBuildPhase section */
		2282AD732144748A00E20C3E /* Sources */ = {
			isa = PBXSourcesBuildPhase;
			buildActionMask = 2147483647;
			files = (
				2282AD7C2144748A00E20C3E /* ViewController.swift in Sources */,
				2282ADBA21449DCD00E20C3E /* Fonts.swift in Sources */,
				2282AD7A2144748A00E20C3E /* AppDelegate.swift in Sources */,
			);
			runOnlyForDeploymentPostprocessing = 0;
		};
		2282ADC62144A30600E20C3E /* Sources */ = {
			isa = PBXSourcesBuildPhase;
			buildActionMask = 2147483647;
			files = (
				2282ADD22144A30600E20C3E /* ExtensionDelegate.swift in Sources */,
				2282ADE12144A58B00E20C3E /* Fonts.swift in Sources */,
				2282ADD02144A30600E20C3E /* InterfaceController.swift in Sources */,
			);
			runOnlyForDeploymentPostprocessing = 0;
		};
		607FACCC1AFB9204008FA782 /* Sources */ = {
			isa = PBXSourcesBuildPhase;
			buildActionMask = 2147483647;
			files = (
				607FACD81AFB9204008FA782 /* ViewController.swift in Sources */,
				829D74F9202A5D8C00DE3217 /* Fonts.swift in Sources */,
				607FACD61AFB9204008FA782 /* AppDelegate.swift in Sources */,
			);
			runOnlyForDeploymentPostprocessing = 0;
		};
/* End PBXSourcesBuildPhase section */

/* Begin PBXTargetDependency section */
		2282ADCD2144A30600E20C3E /* PBXTargetDependency */ = {
			isa = PBXTargetDependency;
			target = 2282ADC92144A30600E20C3E /* watchOS Example Extension */;
			targetProxy = 2282ADCC2144A30600E20C3E /* PBXContainerItemProxy */;
		};
		2282ADD72144A30600E20C3E /* PBXTargetDependency */ = {
			isa = PBXTargetDependency;
			target = 2282ADBD2144A30500E20C3E /* watchOS Example */;
			targetProxy = 2282ADD62144A30600E20C3E /* PBXContainerItemProxy */;
		};
/* End PBXTargetDependency section */

/* Begin PBXVariantGroup section */
		2282AD7D2144748A00E20C3E /* Main.storyboard */ = {
			isa = PBXVariantGroup;
			children = (
				2282AD7E2144748A00E20C3E /* Base */,
			);
			name = Main.storyboard;
			sourceTree = "<group>";
		};
		2282ADC02144A30500E20C3E /* Interface.storyboard */ = {
			isa = PBXVariantGroup;
			children = (
				2282ADC12144A30500E20C3E /* Base */,
			);
			name = Interface.storyboard;
			sourceTree = "<group>";
		};
		607FACD91AFB9204008FA782 /* Main.storyboard */ = {
			isa = PBXVariantGroup;
			children = (
				607FACDA1AFB9204008FA782 /* Base */,
			);
			name = Main.storyboard;
			sourceTree = "<group>";
		};
		607FACDE1AFB9204008FA782 /* LaunchScreen.xib */ = {
			isa = PBXVariantGroup;
			children = (
				607FACDF1AFB9204008FA782 /* Base */,
			);
			name = LaunchScreen.xib;
			sourceTree = "<group>";
		};
/* End PBXVariantGroup section */

/* Begin XCBuildConfiguration section */
		2282AD8E2144748C00E20C3E /* Debug */ = {
			isa = XCBuildConfiguration;
			buildSettings = {
				ASSETCATALOG_COMPILER_APPICON_NAME = "App Icon & Top Shelf Image";
				ASSETCATALOG_COMPILER_LAUNCHIMAGE_NAME = LaunchImage;
				CLANG_ANALYZER_NONNULL = YES;
				CLANG_ANALYZER_NUMBER_OBJECT_CONVERSION = YES_AGGRESSIVE;
				CLANG_CXX_LANGUAGE_STANDARD = "gnu++14";
				CLANG_ENABLE_OBJC_WEAK = YES;
				CLANG_WARN_DOCUMENTATION_COMMENTS = YES;
				CLANG_WARN_UNGUARDED_AVAILABILITY = YES_AGGRESSIVE;
				CODE_SIGN_IDENTITY = "iPhone Developer";
				CODE_SIGN_STYLE = Automatic;
				DEBUG_INFORMATION_FORMAT = dwarf;
				DEVELOPMENT_TEAM = "";
				GCC_C_LANGUAGE_STANDARD = gnu11;
				INFOPLIST_FILE = tvOS/Info.plist;
				LD_RUNPATH_SEARCH_PATHS = "$(inherited) @executable_path/Frameworks";
				MTL_ENABLE_DEBUG_INFO = INCLUDE_SOURCE;
				MTL_FAST_MATH = YES;
				PRODUCT_BUNDLE_IDENTIFIER = "com.mindgrub.Swash-tvOS-Example";
				PRODUCT_NAME = "$(TARGET_NAME)";
				PROVISIONING_PROFILE_SPECIFIER = "";
				SDKROOT = appletvos;
				SWIFT_ACTIVE_COMPILATION_CONDITIONS = DEBUG;
				SWIFT_VERSION = 5.0;
				TARGETED_DEVICE_FAMILY = 3;
				TVOS_DEPLOYMENT_TARGET = 12.2;
			};
			name = Debug;
		};
		2282AD8F2144748C00E20C3E /* Release */ = {
			isa = XCBuildConfiguration;
			buildSettings = {
				ASSETCATALOG_COMPILER_APPICON_NAME = "App Icon & Top Shelf Image";
				ASSETCATALOG_COMPILER_LAUNCHIMAGE_NAME = LaunchImage;
				CLANG_ANALYZER_NONNULL = YES;
				CLANG_ANALYZER_NUMBER_OBJECT_CONVERSION = YES_AGGRESSIVE;
				CLANG_CXX_LANGUAGE_STANDARD = "gnu++14";
				CLANG_ENABLE_OBJC_WEAK = YES;
				CLANG_WARN_DOCUMENTATION_COMMENTS = YES;
				CLANG_WARN_UNGUARDED_AVAILABILITY = YES_AGGRESSIVE;
				CODE_SIGN_IDENTITY = "iPhone Developer";
				CODE_SIGN_STYLE = Automatic;
				DEVELOPMENT_TEAM = "";
				GCC_C_LANGUAGE_STANDARD = gnu11;
				INFOPLIST_FILE = tvOS/Info.plist;
				LD_RUNPATH_SEARCH_PATHS = "$(inherited) @executable_path/Frameworks";
				MTL_FAST_MATH = YES;
				PRODUCT_BUNDLE_IDENTIFIER = "com.mindgrub.Swash-tvOS-Example";
				PRODUCT_NAME = "$(TARGET_NAME)";
				PROVISIONING_PROFILE_SPECIFIER = "";
				SDKROOT = appletvos;
				SWIFT_VERSION = 5.0;
				TARGETED_DEVICE_FAMILY = 3;
				TVOS_DEPLOYMENT_TARGET = 12.2;
			};
			name = Release;
		};
		2282ADDA2144A30600E20C3E /* Debug */ = {
			isa = XCBuildConfiguration;
			buildSettings = {
				ASSETCATALOG_COMPILER_COMPLICATION_NAME = Complication;
				CLANG_ANALYZER_NONNULL = YES;
				CLANG_ANALYZER_NUMBER_OBJECT_CONVERSION = YES_AGGRESSIVE;
				CLANG_CXX_LANGUAGE_STANDARD = "gnu++14";
				CLANG_ENABLE_OBJC_WEAK = YES;
				CLANG_WARN_DOCUMENTATION_COMMENTS = YES;
				CLANG_WARN_UNGUARDED_AVAILABILITY = YES_AGGRESSIVE;
				CODE_SIGN_STYLE = Automatic;
				DEBUG_INFORMATION_FORMAT = dwarf;
				DEVELOPMENT_TEAM = "";
				GCC_C_LANGUAGE_STANDARD = gnu11;
				INFOPLIST_FILE = "watchOS Extension/Info.plist";
				LD_RUNPATH_SEARCH_PATHS = "$(inherited) @executable_path/Frameworks @executable_path/../../Frameworks";
				MTL_ENABLE_DEBUG_INFO = INCLUDE_SOURCE;
				MTL_FAST_MATH = YES;
				PRODUCT_BUNDLE_IDENTIFIER = "com.mindgrub.Swash-iOS-Example.watchkitapp.watchkitextension";
				PRODUCT_NAME = "${TARGET_NAME}";
				SDKROOT = watchos;
				SKIP_INSTALL = YES;
				SWIFT_ACTIVE_COMPILATION_CONDITIONS = DEBUG;
				SWIFT_VERSION = 5.0;
				TARGETED_DEVICE_FAMILY = 4;
				WATCHOS_DEPLOYMENT_TARGET = 5.2;
			};
			name = Debug;
		};
		2282ADDB2144A30600E20C3E /* Release */ = {
			isa = XCBuildConfiguration;
			buildSettings = {
				ASSETCATALOG_COMPILER_COMPLICATION_NAME = Complication;
				CLANG_ANALYZER_NONNULL = YES;
				CLANG_ANALYZER_NUMBER_OBJECT_CONVERSION = YES_AGGRESSIVE;
				CLANG_CXX_LANGUAGE_STANDARD = "gnu++14";
				CLANG_ENABLE_OBJC_WEAK = YES;
				CLANG_WARN_DOCUMENTATION_COMMENTS = YES;
				CLANG_WARN_UNGUARDED_AVAILABILITY = YES_AGGRESSIVE;
				CODE_SIGN_STYLE = Automatic;
				DEVELOPMENT_TEAM = "";
				GCC_C_LANGUAGE_STANDARD = gnu11;
				INFOPLIST_FILE = "watchOS Extension/Info.plist";
				LD_RUNPATH_SEARCH_PATHS = "$(inherited) @executable_path/Frameworks @executable_path/../../Frameworks";
				MTL_FAST_MATH = YES;
				PRODUCT_BUNDLE_IDENTIFIER = "com.mindgrub.Swash-iOS-Example.watchkitapp.watchkitextension";
				PRODUCT_NAME = "${TARGET_NAME}";
				SDKROOT = watchos;
				SKIP_INSTALL = YES;
				SWIFT_VERSION = 5.0;
				TARGETED_DEVICE_FAMILY = 4;
				WATCHOS_DEPLOYMENT_TARGET = 5.2;
			};
			name = Release;
		};
		2282ADDE2144A30600E20C3E /* Debug */ = {
			isa = XCBuildConfiguration;
			buildSettings = {
				ALWAYS_EMBED_SWIFT_STANDARD_LIBRARIES = "$(inherited)";
				ASSETCATALOG_COMPILER_APPICON_NAME = AppIcon;
				CLANG_ANALYZER_NONNULL = YES;
				CLANG_ANALYZER_NUMBER_OBJECT_CONVERSION = YES_AGGRESSIVE;
				CLANG_CXX_LANGUAGE_STANDARD = "gnu++14";
				CLANG_ENABLE_OBJC_WEAK = YES;
				CLANG_WARN_DOCUMENTATION_COMMENTS = YES;
				CLANG_WARN_UNGUARDED_AVAILABILITY = YES_AGGRESSIVE;
				CODE_SIGN_STYLE = Automatic;
				DEBUG_INFORMATION_FORMAT = dwarf;
				GCC_C_LANGUAGE_STANDARD = gnu11;
				IBSC_MODULE = "watchOS Example Extension";
				INFOPLIST_FILE = watchOS/Info.plist;
				MTL_ENABLE_DEBUG_INFO = INCLUDE_SOURCE;
				MTL_FAST_MATH = YES;
				PRODUCT_BUNDLE_IDENTIFIER = "com.mindgrub.Swash-iOS-Example.watchkitapp";
				PRODUCT_NAME = "$(TARGET_NAME)";
				SDKROOT = watchos;
				SKIP_INSTALL = YES;
				SWIFT_ACTIVE_COMPILATION_CONDITIONS = DEBUG;
				SWIFT_VERSION = 5;
				TARGETED_DEVICE_FAMILY = 4;
				WATCHOS_DEPLOYMENT_TARGET = 5.2;
			};
			name = Debug;
		};
		2282ADDF2144A30600E20C3E /* Release */ = {
			isa = XCBuildConfiguration;
			buildSettings = {
				ALWAYS_EMBED_SWIFT_STANDARD_LIBRARIES = "$(inherited)";
				ASSETCATALOG_COMPILER_APPICON_NAME = AppIcon;
				CLANG_ANALYZER_NONNULL = YES;
				CLANG_ANALYZER_NUMBER_OBJECT_CONVERSION = YES_AGGRESSIVE;
				CLANG_CXX_LANGUAGE_STANDARD = "gnu++14";
				CLANG_ENABLE_OBJC_WEAK = YES;
				CLANG_WARN_DOCUMENTATION_COMMENTS = YES;
				CLANG_WARN_UNGUARDED_AVAILABILITY = YES_AGGRESSIVE;
				CODE_SIGN_STYLE = Automatic;
				GCC_C_LANGUAGE_STANDARD = gnu11;
				IBSC_MODULE = "watchOS Example Extension";
				INFOPLIST_FILE = watchOS/Info.plist;
				MTL_FAST_MATH = YES;
				PRODUCT_BUNDLE_IDENTIFIER = "com.mindgrub.Swash-iOS-Example.watchkitapp";
				PRODUCT_NAME = "$(TARGET_NAME)";
				SDKROOT = watchos;
				SKIP_INSTALL = YES;
				SWIFT_VERSION = 5;
				TARGETED_DEVICE_FAMILY = 4;
				WATCHOS_DEPLOYMENT_TARGET = 5.2;
			};
			name = Release;
		};
		607FACED1AFB9204008FA782 /* Debug */ = {
			isa = XCBuildConfiguration;
			buildSettings = {
				ALWAYS_SEARCH_USER_PATHS = NO;
				CLANG_ANALYZER_LOCALIZABILITY_NONLOCALIZED = YES;
				CLANG_CXX_LANGUAGE_STANDARD = "gnu++0x";
				CLANG_CXX_LIBRARY = "libc++";
				CLANG_ENABLE_MODULES = YES;
				CLANG_ENABLE_OBJC_ARC = YES;
				CLANG_WARN_BLOCK_CAPTURE_AUTORELEASING = YES;
				CLANG_WARN_BOOL_CONVERSION = YES;
				CLANG_WARN_COMMA = YES;
				CLANG_WARN_CONSTANT_CONVERSION = YES;
				CLANG_WARN_DEPRECATED_OBJC_IMPLEMENTATIONS = YES;
				CLANG_WARN_DIRECT_OBJC_ISA_USAGE = YES_ERROR;
				CLANG_WARN_EMPTY_BODY = YES;
				CLANG_WARN_ENUM_CONVERSION = YES;
				CLANG_WARN_INFINITE_RECURSION = YES;
				CLANG_WARN_INT_CONVERSION = YES;
				CLANG_WARN_NON_LITERAL_NULL_CONVERSION = YES;
				CLANG_WARN_OBJC_IMPLICIT_RETAIN_SELF = YES;
				CLANG_WARN_OBJC_LITERAL_CONVERSION = YES;
				CLANG_WARN_OBJC_ROOT_CLASS = YES_ERROR;
				CLANG_WARN_RANGE_LOOP_ANALYSIS = YES;
				CLANG_WARN_STRICT_PROTOTYPES = YES;
				CLANG_WARN_SUSPICIOUS_MOVE = YES;
				CLANG_WARN_UNREACHABLE_CODE = YES;
				CLANG_WARN__DUPLICATE_METHOD_MATCH = YES;
				"CODE_SIGN_IDENTITY[sdk=iphoneos*]" = "iPhone Developer";
				COPY_PHASE_STRIP = NO;
				DEBUG_INFORMATION_FORMAT = "dwarf-with-dsym";
				ENABLE_STRICT_OBJC_MSGSEND = YES;
				ENABLE_TESTABILITY = YES;
				GCC_C_LANGUAGE_STANDARD = gnu99;
				GCC_DYNAMIC_NO_PIC = NO;
				GCC_NO_COMMON_BLOCKS = YES;
				GCC_OPTIMIZATION_LEVEL = 0;
				GCC_PREPROCESSOR_DEFINITIONS = (
					"DEBUG=1",
					"$(inherited)",
				);
				GCC_SYMBOLS_PRIVATE_EXTERN = NO;
				GCC_WARN_64_TO_32_BIT_CONVERSION = YES;
				GCC_WARN_ABOUT_RETURN_TYPE = YES_ERROR;
				GCC_WARN_UNDECLARED_SELECTOR = YES;
				GCC_WARN_UNINITIALIZED_AUTOS = YES_AGGRESSIVE;
				GCC_WARN_UNUSED_FUNCTION = YES;
				GCC_WARN_UNUSED_VARIABLE = YES;
				IPHONEOS_DEPLOYMENT_TARGET = 11;
				MTL_ENABLE_DEBUG_INFO = YES;
				ONLY_ACTIVE_ARCH = YES;
				SDKROOT = iphoneos;
				SWIFT_OPTIMIZATION_LEVEL = "-Onone";
				SWIFT_VERSION = 4.2;
			};
			name = Debug;
		};
		607FACEE1AFB9204008FA782 /* Release */ = {
			isa = XCBuildConfiguration;
			buildSettings = {
				ALWAYS_SEARCH_USER_PATHS = NO;
				CLANG_ANALYZER_LOCALIZABILITY_NONLOCALIZED = YES;
				CLANG_CXX_LANGUAGE_STANDARD = "gnu++0x";
				CLANG_CXX_LIBRARY = "libc++";
				CLANG_ENABLE_MODULES = YES;
				CLANG_ENABLE_OBJC_ARC = YES;
				CLANG_WARN_BLOCK_CAPTURE_AUTORELEASING = YES;
				CLANG_WARN_BOOL_CONVERSION = YES;
				CLANG_WARN_COMMA = YES;
				CLANG_WARN_CONSTANT_CONVERSION = YES;
				CLANG_WARN_DEPRECATED_OBJC_IMPLEMENTATIONS = YES;
				CLANG_WARN_DIRECT_OBJC_ISA_USAGE = YES_ERROR;
				CLANG_WARN_EMPTY_BODY = YES;
				CLANG_WARN_ENUM_CONVERSION = YES;
				CLANG_WARN_INFINITE_RECURSION = YES;
				CLANG_WARN_INT_CONVERSION = YES;
				CLANG_WARN_NON_LITERAL_NULL_CONVERSION = YES;
				CLANG_WARN_OBJC_IMPLICIT_RETAIN_SELF = YES;
				CLANG_WARN_OBJC_LITERAL_CONVERSION = YES;
				CLANG_WARN_OBJC_ROOT_CLASS = YES_ERROR;
				CLANG_WARN_RANGE_LOOP_ANALYSIS = YES;
				CLANG_WARN_STRICT_PROTOTYPES = YES;
				CLANG_WARN_SUSPICIOUS_MOVE = YES;
				CLANG_WARN_UNREACHABLE_CODE = YES;
				CLANG_WARN__DUPLICATE_METHOD_MATCH = YES;
				"CODE_SIGN_IDENTITY[sdk=iphoneos*]" = "iPhone Developer";
				COPY_PHASE_STRIP = NO;
				DEBUG_INFORMATION_FORMAT = "dwarf-with-dsym";
				ENABLE_NS_ASSERTIONS = NO;
				ENABLE_STRICT_OBJC_MSGSEND = YES;
				GCC_C_LANGUAGE_STANDARD = gnu99;
				GCC_NO_COMMON_BLOCKS = YES;
				GCC_WARN_64_TO_32_BIT_CONVERSION = YES;
				GCC_WARN_ABOUT_RETURN_TYPE = YES_ERROR;
				GCC_WARN_UNDECLARED_SELECTOR = YES;
				GCC_WARN_UNINITIALIZED_AUTOS = YES_AGGRESSIVE;
				GCC_WARN_UNUSED_FUNCTION = YES;
				GCC_WARN_UNUSED_VARIABLE = YES;
				IPHONEOS_DEPLOYMENT_TARGET = 11;
				MTL_ENABLE_DEBUG_INFO = NO;
				SDKROOT = iphoneos;
				SWIFT_OPTIMIZATION_LEVEL = "-Owholemodule";
				SWIFT_VERSION = 4.2;
				VALIDATE_PRODUCT = YES;
			};
			name = Release;
		};
		607FACF01AFB9204008FA782 /* Debug */ = {
			isa = XCBuildConfiguration;
			buildSettings = {
				ASSETCATALOG_COMPILER_APPICON_NAME = AppIcon;
				INFOPLIST_FILE = iOS/Info.plist;
				IPHONEOS_DEPLOYMENT_TARGET = 12.2;
				LD_RUNPATH_SEARCH_PATHS = "$(inherited) @executable_path/Frameworks";
				MODULE_NAME = ExampleApp;
				PRODUCT_BUNDLE_IDENTIFIER = "com.mindgrub.Swash-iOS-Example";
				PRODUCT_NAME = "$(TARGET_NAME)";
				SWIFT_SWIFT3_OBJC_INFERENCE = Default;
				SWIFT_VERSION = 5.0;
			};
			name = Debug;
		};
		607FACF11AFB9204008FA782 /* Release */ = {
			isa = XCBuildConfiguration;
			buildSettings = {
				ASSETCATALOG_COMPILER_APPICON_NAME = AppIcon;
				INFOPLIST_FILE = iOS/Info.plist;
				IPHONEOS_DEPLOYMENT_TARGET = 12.2;
				LD_RUNPATH_SEARCH_PATHS = "$(inherited) @executable_path/Frameworks";
				MODULE_NAME = ExampleApp;
				PRODUCT_BUNDLE_IDENTIFIER = "com.mindgrub.Swash-iOS-Example";
				PRODUCT_NAME = "$(TARGET_NAME)";
				SWIFT_SWIFT3_OBJC_INFERENCE = Default;
				SWIFT_VERSION = 5.0;
			};
			name = Release;
		};
/* End XCBuildConfiguration section */

/* Begin XCConfigurationList section */
		2282AD922144748C00E20C3E /* Build configuration list for PBXNativeTarget "tvOS Example" */ = {
			isa = XCConfigurationList;
			buildConfigurations = (
				2282AD8E2144748C00E20C3E /* Debug */,
				2282AD8F2144748C00E20C3E /* Release */,
			);
			defaultConfigurationIsVisible = 0;
			defaultConfigurationName = Release;
		};
		2282ADD92144A30600E20C3E /* Build configuration list for PBXNativeTarget "watchOS Example Extension" */ = {
			isa = XCConfigurationList;
			buildConfigurations = (
				2282ADDA2144A30600E20C3E /* Debug */,
				2282ADDB2144A30600E20C3E /* Release */,
			);
			defaultConfigurationIsVisible = 0;
			defaultConfigurationName = Release;
		};
		2282ADDD2144A30600E20C3E /* Build configuration list for PBXNativeTarget "watchOS Example" */ = {
			isa = XCConfigurationList;
			buildConfigurations = (
				2282ADDE2144A30600E20C3E /* Debug */,
				2282ADDF2144A30600E20C3E /* Release */,
			);
			defaultConfigurationIsVisible = 0;
			defaultConfigurationName = Release;
		};
		607FACCB1AFB9204008FA782 /* Build configuration list for PBXProject "Swash Examples" */ = {
			isa = XCConfigurationList;
			buildConfigurations = (
				607FACED1AFB9204008FA782 /* Debug */,
				607FACEE1AFB9204008FA782 /* Release */,
			);
			defaultConfigurationIsVisible = 0;
			defaultConfigurationName = Release;
		};
		607FACEF1AFB9204008FA782 /* Build configuration list for PBXNativeTarget "iOS Example" */ = {
			isa = XCConfigurationList;
			buildConfigurations = (
				607FACF01AFB9204008FA782 /* Debug */,
				607FACF11AFB9204008FA782 /* Release */,
			);
			defaultConfigurationIsVisible = 0;
			defaultConfigurationName = Release;
		};
/* End XCConfigurationList section */
	};
	rootObject = 607FACC81AFB9204008FA782 /* Project object */;
}
